
Microsoft Visual Studio Solution File, Format Version 12.00
# Visual Studio Version 16
VisualStudioVersion = 16.0.29020.237
MinimumVisualStudioVersion = 10.0.40219.1
Project("{FAE04EC0-301F-11D3-BF4B-00C04F79EFBC}") = "mqfEditor", "mqfEditor\mqfEditor.csproj", "{6B88AC43-22E4-42BF-B345-8D90BDF9C02B}"
EndProject
Global
	GlobalSection(SolutionConfigurationPlatforms) = preSolution
		Debug|Any CPU = Debug|Any CPU
		Release|Any CPU = Release|Any CPU
	EndGlobalSection
	GlobalSection(ProjectConfigurationPlatforms) = postSolution
		{6B88AC43-22E4-42BF-B345-8D90BDF9C02B}.Debug|Any CPU.ActiveCfg = Debug|Any CPU
		{6B88AC43-22E4-42BF-B345-8D90BDF9C02B}.Debug|Any CPU.Build.0 = Debug|Any CPU
		{6B88AC43-22E4-42BF-B345-8D90BDF9C02B}.Release|Any CPU.ActiveCfg = Release|Any CPU
		{6B88AC43-22E4-42BF-B345-8D90BDF9C02B}.Release|Any CPU.Build.0 = Release|Any CPU
	EndGlobalSection
	GlobalSection(SolutionProperties) = preSolution
		HideSolutionNode = FALSE
	EndGlobalSection
	GlobalSection(ExtensibilityGlobals) = postSolution
		SolutionGuid = {99D88DD2-9ECC-4033-8D49-D72C24C11ECA}
	EndGlobalSection
EndGlobal
