
Microsoft Visual Studio Solution File, Format Version 12.00
# Visual Studio Version 16
VisualStudioVersion = 16.0.30104.148
MinimumVisualStudioVersion = 10.0.40219.1
Project("{FAE04EC0-301F-11D3-BF4B-00C04F79EFBC}") = "i3PackTool", "i3PackTool\i3PackTool.csproj", "{F78562D3-212B-4771-B8D1-C82B141CBBDB}"
EndProject
Global
	GlobalSection(SolutionConfigurationPlatforms) = preSolution
		Debug|Any CPU = Debug|Any CPU
		Release|Any CPU = Release|Any CPU
	EndGlobalSection
	GlobalSection(ProjectConfigurationPlatforms) = postSolution
		{F78562D3-212B-4771-B8D1-C82B141CBBDB}.Debug|Any CPU.ActiveCfg = Debug|Any CPU
		{F78562D3-212B-4771-B8D1-C82B141CBBDB}.Debug|Any CPU.Build.0 = Debug|Any CPU
		{F78562D3-212B-4771-B8D1-C82B141CBBDB}.Release|Any CPU.ActiveCfg = Release|Any CPU
		{F78562D3-212B-4771-B8D1-C82B141CBBDB}.Release|Any CPU.Build.0 = Release|Any CPU
	EndGlobalSection
	GlobalSection(SolutionProperties) = preSolution
		HideSolutionNode = FALSE
	EndGlobalSection
	GlobalSection(ExtensibilityGlobals) = postSolution
		SolutionGuid = {04F87755-DEEA-4C85-8D21-A6D30E43DCC8}
	EndGlobalSection
EndGlobal
