
Microsoft Visual Studio Solution File, Format Version 12.00
# Visual Studio Version 16
VisualStudioVersion = 16.0.29519.181
MinimumVisualStudioVersion = 10.0.40219.1
Project("{FAE04EC0-301F-11D3-BF4B-00C04F79EFBC}") = "PropertyEditor V2", "PropertyEditor V2\PropertyEditor V2.csproj", "{FF00DFCB-BEF2-44B2-8B4B-A137A80EFBC7}"
EndProject
Global
	GlobalSection(SolutionConfigurationPlatforms) = preSolution
		Debug|Any CPU = Debug|Any CPU
		Release|Any CPU = Release|Any CPU
	EndGlobalSection
	GlobalSection(ProjectConfigurationPlatforms) = postSolution
		{FF00DFCB-BEF2-44B2-8B4B-A137A80EFBC7}.Debug|Any CPU.ActiveCfg = Debug|Any CPU
		{FF00DFCB-BEF2-44B2-8B4B-A137A80EFBC7}.Debug|Any CPU.Build.0 = Debug|Any CPU
		{FF00DFCB-BEF2-44B2-8B4B-A137A80EFBC7}.Release|Any CPU.ActiveCfg = Release|Any CPU
		{FF00DFCB-BEF2-44B2-8B4B-A137A80EFBC7}.Release|Any CPU.Build.0 = Release|Any CPU
	EndGlobalSection
	GlobalSection(SolutionProperties) = preSolution
		HideSolutionNode = FALSE
	EndGlobalSection
	GlobalSection(ExtensibilityGlobals) = postSolution
		SolutionGuid = {BE58C100-E1C6-4933-8BA8-09329802C6A9}
	EndGlobalSection
EndGlobal
